
Microsoft Visual Studio Solution File, Format Version 12.00
# Visual Studio Version 17
VisualStudioVersion = 17.7.34024.191
MinimumVisualStudioVersion = 10.0.40219.1
Project("{FAE04EC0-301F-11D3-BF4B-00C04F79EFBC}") = "MiniClipyPath", "MiniClipyPath\MiniClipyPath.csproj", "{13588794-54A5-4167-956E-5B4EF0F80654}"
EndProject
Global
	GlobalSection(SolutionConfigurationPlatforms) = preSolution
		Debug|Any CPU = Debug|Any CPU
		Release|Any CPU = Release|Any CPU
	EndGlobalSection
	GlobalSection(ProjectConfigurationPlatforms) = postSolution
		{13588794-54A5-4167-956E-5B4EF0F80654}.Debug|Any CPU.ActiveCfg = Debug|Any CPU
		{13588794-54A5-4167-956E-5B4EF0F80654}.Debug|Any CPU.Build.0 = Debug|Any CPU
		{13588794-54A5-4167-956E-5B4EF0F80654}.Release|Any CPU.ActiveCfg = Release|Any CPU
		{13588794-54A5-4167-956E-5B4EF0F80654}.Release|Any CPU.Build.0 = Release|Any CPU
	EndGlobalSection
	GlobalSection(SolutionProperties) = preSolution
		HideSolutionNode = FALSE
	EndGlobalSection
	GlobalSection(ExtensibilityGlobals) = postSolution
		SolutionGuid = {59D51F77-4E39-49A2-9064-C99EC2D91AF3}
	EndGlobalSection
EndGlobal
